
Microsoft Visual Studio Solution File, Format Version 12.00
# Visual Studio Version 16
VisualStudioVersion = 16.0.31729.503
MinimumVisualStudioVersion = 10.0.40219.1
Project("{9A19103F-16F7-4668-BE54-9A1E7A4F7556}") = "RepositoryExercise", "RepositoryExercise\RepositoryExercise.csproj", "{5D895BEE-D6CB-4355-9EC3-DC7C0E215A4A}"
EndProject
Project("{FAE04EC0-301F-11D3-BF4B-00C04F79EFBC}") = "UnitTestsRepositoryPattern", "UnitTestsRepositoryPattern\UnitTestsRepositoryPattern.csproj", "{91BBAA0D-8F40-4D33-A7BE-0661EF4D15EA}"
EndProject
Global
	GlobalSection(SolutionConfigurationPlatforms) = preSolution
		Debug|Any CPU = Debug|Any CPU
		Release|Any CPU = Release|Any CPU
	EndGlobalSection
	GlobalSection(ProjectConfigurationPlatforms) = postSolution
		{5D895BEE-D6CB-4355-9EC3-DC7C0E215A4A}.Debug|Any CPU.ActiveCfg = Debug|Any CPU
		{5D895BEE-D6CB-4355-9EC3-DC7C0E215A4A}.Debug|Any CPU.Build.0 = Debug|Any CPU
		{5D895BEE-D6CB-4355-9EC3-DC7C0E215A4A}.Release|Any CPU.ActiveCfg = Release|Any CPU
		{5D895BEE-D6CB-4355-9EC3-DC7C0E215A4A}.Release|Any CPU.Build.0 = Release|Any CPU
		{91BBAA0D-8F40-4D33-A7BE-0661EF4D15EA}.Debug|Any CPU.ActiveCfg = Debug|Any CPU
		{91BBAA0D-8F40-4D33-A7BE-0661EF4D15EA}.Debug|Any CPU.Build.0 = Debug|Any CPU
		{91BBAA0D-8F40-4D33-A7BE-0661EF4D15EA}.Release|Any CPU.ActiveCfg = Release|Any CPU
		{91BBAA0D-8F40-4D33-A7BE-0661EF4D15EA}.Release|Any CPU.Build.0 = Release|Any CPU
	EndGlobalSection
	GlobalSection(SolutionProperties) = preSolution
		HideSolutionNode = FALSE
	EndGlobalSection
	GlobalSection(ExtensibilityGlobals) = postSolution
		SolutionGuid = {5302E593-6CFC-4C6B-B5F5-200BE1FE837A}
	EndGlobalSection
EndGlobal
